
Microsoft Visual Studio Solution File, Format Version 12.00
# Visual Studio Version 17
VisualStudioVersion = 17.11.35208.52
MinimumVisualStudioVersion = 10.0.40219.1
Project("{FAE04EC0-301F-11D3-BF4B-00C04F79EFBC}") = "PSC10SP", "PSC10SP\PSC10SP.csproj", "{B89BBCA8-DF25-4EE9-8159-1FCA81013AF7}"
EndProject
Global
	GlobalSection(SolutionConfigurationPlatforms) = preSolution
		Debug|Any CPU = Debug|Any CPU
		Release|Any CPU = Release|Any CPU
	EndGlobalSection
	GlobalSection(ProjectConfigurationPlatforms) = postSolution
		{B89BBCA8-DF25-4EE9-8159-1FCA81013AF7}.Debug|Any CPU.ActiveCfg = Debug|Any CPU
		{B89BBCA8-DF25-4EE9-8159-1FCA81013AF7}.Debug|Any CPU.Build.0 = Debug|Any CPU
		{B89BBCA8-DF25-4EE9-8159-1FCA81013AF7}.Release|Any CPU.ActiveCfg = Release|Any CPU
		{B89BBCA8-DF25-4EE9-8159-1FCA81013AF7}.Release|Any CPU.Build.0 = Release|Any CPU
	EndGlobalSection
	GlobalSection(SolutionProperties) = preSolution
		HideSolutionNode = FALSE
	EndGlobalSection
	GlobalSection(ExtensibilityGlobals) = postSolution
		SolutionGuid = {5A37373F-3149-4D03-A9B2-FB7442639F27}
	EndGlobalSection
EndGlobal
